Microsoft Visual Studio Solution File, Format Version 12.00
# Visual Studio Version 17
VisualStudioVersion = 17.5.2.0
MinimumVisualStudioVersion = 10.0.40219.1
Project("{FAE04EC0-301F-11D3-BF4B-00C04F79EFBC}") = "Lab18_Ex01", "Lab18_Ex01\Lab18_Ex01.csproj", "{264A2078-2604-63A2-6D6F-4B007DDB9895}"
EndProject
Project("{FAE04EC0-301F-11D3-BF4B-00C04F79EFBC}") = "Lab18_Ex02", "Lab18_Ex02\Lab18_Ex02.csproj", "{DE91BC10-A489-4B30-1196-B80A084768D2}"
EndProject
Project("{FAE04EC0-301F-11D3-BF4B-00C04F79EFBC}") = "Lab18_Ex03", "Lab18_Ex03\Lab18_Ex03.csproj", "{CD85C2D4-EE3F-3372-3319-17C0274910D2}"
EndProject
Project("{FAE04EC0-301F-11D3-BF4B-00C04F79EFBC}") = "Lab18_Ex04", "Lab18_Ex04\Lab18_Ex04.csproj", "{11FD8A9F-9CF6-EE5D-F10E-A3D2261FA469}"
EndProject
Project("{FAE04EC0-301F-11D3-BF4B-00C04F79EFBC}") = "Lab18_Ex05", "Lab18_Ex05\Lab18_Ex05.csproj", "{335041B7-4229-F550-9639-F4D50BFF4AA9}"
EndProject
Project("{FAE04EC0-301F-11D3-BF4B-00C04F79EFBC}") = "Lab18_Ex06", "Lab18_Ex06\Lab18_Ex06.csproj", "{1DA0155D-75BC-BD31-B727-B22D6FCD984D}"
EndProject
Project("{FAE04EC0-301F-11D3-BF4B-00C04F79EFBC}") = "Lab18_Ex07", "Lab18_Ex07\Lab18_Ex07.csproj", "{BB6A4C27-0F86-A565-68AE-EAF7A1E6E6C1}"
EndProject
Project("{FAE04EC0-301F-11D3-BF4B-00C04F79EFBC}") = "Lab18_Ex08", "Lab18_Ex08\Lab18_Ex08.csproj", "{66F7F995-7E55-A72B-9B63-AF6C165F3B7A}"
EndProject
Project("{FAE04EC0-301F-11D3-BF4B-00C04F79EFBC}") = "Lab18_Ex09", "Lab18_Ex09\Lab18_Ex09.csproj", "{9359E6D1-8BD6-12F9-4C3B-6A5233D17C65}"
EndProject
Project("{FAE04EC0-301F-11D3-BF4B-00C04F79EFBC}") = "Lab18_Ex10", "Lab18_Ex10\Lab18_Ex10.csproj", "{8E53A7CA-4C43-442F-E681-E35174E70C21}"
EndProject
Global
	GlobalSection(SolutionConfigurationPlatforms) = preSolution
		Debug|Any CPU = Debug|Any CPU
		Release|Any CPU = Release|Any CPU
	EndGlobalSection
	GlobalSection(ProjectConfigurationPlatforms) = postSolution
		{264A2078-2604-63A2-6D6F-4B007DDB9895}.Debug|Any CPU.ActiveCfg = Debug|Any CPU
		{264A2078-2604-63A2-6D6F-4B007DDB9895}.Debug|Any CPU.Build.0 = Debug|Any CPU
		{264A2078-2604-63A2-6D6F-4B007DDB9895}.Release|Any CPU.ActiveCfg = Release|Any CPU
		{264A2078-2604-63A2-6D6F-4B007DDB9895}.Release|Any CPU.Build.0 = Release|Any CPU
		{DE91BC10-A489-4B30-1196-B80A084768D2}.Debug|Any CPU.ActiveCfg = Debug|Any CPU
		{DE91BC10-A489-4B30-1196-B80A084768D2}.Debug|Any CPU.Build.0 = Debug|Any CPU
		{DE91BC10-A489-4B30-1196-B80A084768D2}.Release|Any CPU.ActiveCfg = Release|Any CPU
		{DE91BC10-A489-4B30-1196-B80A084768D2}.Release|Any CPU.Build.0 = Release|Any CPU
		{CD85C2D4-EE3F-3372-3319-17C0274910D2}.Debug|Any CPU.ActiveCfg = Debug|Any CPU
		{CD85C2D4-EE3F-3372-3319-17C0274910D2}.Debug|Any CPU.Build.0 = Debug|Any CPU
		{CD85C2D4-EE3F-3372-3319-17C0274910D2}.Release|Any CPU.ActiveCfg = Release|Any CPU
		{CD85C2D4-EE3F-3372-3319-17C0274910D2}.Release|Any CPU.Build.0 = Release|Any CPU
		{11FD8A9F-9CF6-EE5D-F10E-A3D2261FA469}.Debug|Any CPU.ActiveCfg = Debug|Any CPU
		{11FD8A9F-9CF6-EE5D-F10E-A3D2261FA469}.Debug|Any CPU.Build.0 = Debug|Any CPU
		{11FD8A9F-9CF6-EE5D-F10E-A3D2261FA469}.Release|Any CPU.ActiveCfg = Release|Any CPU
		{11FD8A9F-9CF6-EE5D-F10E-A3D2261FA469}.Release|Any CPU.Build.0 = Release|Any CPU
		{335041B7-4229-F550-9639-F4D50BFF4AA9}.Debug|Any CPU.ActiveCfg = Debug|Any CPU
		{335041B7-4229-F550-9639-F4D50BFF4AA9}.Debug|Any CPU.Build.0 = Debug|Any CPU
		{335041B7-4229-F550-9639-F4D50BFF4AA9}.Release|Any CPU.ActiveCfg = Release|Any CPU
		{335041B7-4229-F550-9639-F4D50BFF4AA9}.Release|Any CPU.Build.0 = Release|Any CPU
		{1DA0155D-75BC-BD31-B727-B22D6FCD984D}.Debug|Any CPU.ActiveCfg = Debug|Any CPU
		{1DA0155D-75BC-BD31-B727-B22D6FCD984D}.Debug|Any CPU.Build.0 = Debug|Any CPU
		{1DA0155D-75BC-BD31-B727-B22D6FCD984D}.Release|Any CPU.ActiveCfg = Release|Any CPU
		{1DA0155D-75BC-BD31-B727-B22D6FCD984D}.Release|Any CPU.Build.0 = Release|Any CPU
		{BB6A4C27-0F86-A565-68AE-EAF7A1E6E6C1}.Debug|Any CPU.ActiveCfg = Debug|Any CPU
		{BB6A4C27-0F86-A565-68AE-EAF7A1E6E6C1}.Debug|Any CPU.Build.0 = Debug|Any CPU
		{BB6A4C27-0F86-A565-68AE-EAF7A1E6E6C1}.Release|Any CPU.ActiveCfg = Release|Any CPU
		{BB6A4C27-0F86-A565-68AE-EAF7A1E6E6C1}.Release|Any CPU.Build.0 = Release|Any CPU
		{66F7F995-7E55-A72B-9B63-AF6C165F3B7A}.Debug|Any CPU.ActiveCfg = Debug|Any CPU
		{66F7F995-7E55-A72B-9B63-AF6C165F3B7A}.Debug|Any CPU.Build.0 = Debug|Any CPU
		{66F7F995-7E55-A72B-9B63-AF6C165F3B7A}.Release|Any CPU.ActiveCfg = Release|Any CPU
		{66F7F995-7E55-A72B-9B63-AF6C165F3B7A}.Release|Any CPU.Build.0 = Release|Any CPU
		{9359E6D1-8BD6-12F9-4C3B-6A5233D17C65}.Debug|Any CPU.ActiveCfg = Debug|Any CPU
		{9359E6D1-8BD6-12F9-4C3B-6A5233D17C65}.Debug|Any CPU.Build.0 = Debug|Any CPU
		{9359E6D1-8BD6-12F9-4C3B-6A5233D17C65}.Release|Any CPU.ActiveCfg = Release|Any CPU
		{9359E6D1-8BD6-12F9-4C3B-6A5233D17C65}.Release|Any CPU.Build.0 = Release|Any CPU
		{8E53A7CA-4C43-442F-E681-E35174E70C21}.Debug|Any CPU.ActiveCfg = Debug|Any CPU
		{8E53A7CA-4C43-442F-E681-E35174E70C21}.Debug|Any CPU.Build.0 = Debug|Any CPU
		{8E53A7CA-4C43-442F-E681-E35174E70C21}.Release|Any CPU.ActiveCfg = Release|Any CPU
		{8E53A7CA-4C43-442F-E681-E35174E70C21}.Release|Any CPU.Build.0 = Release|Any CPU
	EndGlobalSection
	GlobalSection(SolutionProperties) = preSolution
		HideSolutionNode = FALSE
	EndGlobalSection
	GlobalSection(ExtensibilityGlobals) = postSolution
		SolutionGuid = {289683CE-A6C4-4591-9B77-DBC1F1CA1667}
	EndGlobalSection
EndGlobal
